
Microsoft Visual Studio Solution File, Format Version 11.00
# Visual Studio 2010
Project("{FAE04EC0-301F-11D3-BF4B-00C04F79EFBC}") = "Catalan", "Assembly-CSharp.csproj", "{2A787342-A3F9-E9F8-EA10-9D91B2294BFD}"
EndProject
Project("{FAE04EC0-301F-11D3-BF4B-00C04F79EFBC}") = "Catalan", "Assembly-CSharp-Editor.csproj", "{EB32710F-B565-A6D2-69E4-19FA8B87D8FF}"
EndProject
Global
	GlobalSection(SolutionConfigurationPlatforms) = preSolution
		Debug|Any CPU = Debug|Any CPU
		Release|Any CPU = Release|Any CPU
	EndGlobalSection
	GlobalSection(ProjectConfigurationPlatforms) = postSolution
		{2A787342-A3F9-E9F8-EA10-9D91B2294BFD}.Debug|Any CPU.ActiveCfg = Debug|Any CPU
		{2A787342-A3F9-E9F8-EA10-9D91B2294BFD}.Debug|Any CPU.Build.0 = Debug|Any CPU
		{2A787342-A3F9-E9F8-EA10-9D91B2294BFD}.Release|Any CPU.ActiveCfg = Release|Any CPU
		{2A787342-A3F9-E9F8-EA10-9D91B2294BFD}.Release|Any CPU.Build.0 = Release|Any CPU
		{EB32710F-B565-A6D2-69E4-19FA8B87D8FF}.Debug|Any CPU.ActiveCfg = Debug|Any CPU
		{EB32710F-B565-A6D2-69E4-19FA8B87D8FF}.Debug|Any CPU.Build.0 = Debug|Any CPU
		{EB32710F-B565-A6D2-69E4-19FA8B87D8FF}.Release|Any CPU.ActiveCfg = Release|Any CPU
		{EB32710F-B565-A6D2-69E4-19FA8B87D8FF}.Release|Any CPU.Build.0 = Release|Any CPU
	EndGlobalSection
	GlobalSection(SolutionProperties) = preSolution
		HideSolutionNode = FALSE
	EndGlobalSection
	GlobalSection(MonoDevelopProperties) = preSolution
		StartupItem = Assembly-CSharp.csproj
	EndGlobalSection
EndGlobal
