
Microsoft Visual Studio Solution File, Format Version 11.00
# Visual Studio 2010
Project("{FAE04EC0-301F-11D3-BF4B-00C04F79EFBC}") = "catalan", "Assembly-CSharp.csproj", "{918D89A0-3E78-E789-A980-BE51FF71429D}"
EndProject
Project("{FAE04EC0-301F-11D3-BF4B-00C04F79EFBC}") = "catalan", "Assembly-CSharp-Editor.csproj", "{2D4D69FE-500B-FCF0-965D-D293A25A45C7}"
EndProject
Global
	GlobalSection(SolutionConfigurationPlatforms) = preSolution
		Debug|Any CPU = Debug|Any CPU
		Release|Any CPU = Release|Any CPU
	EndGlobalSection
	GlobalSection(ProjectConfigurationPlatforms) = postSolution
		{918D89A0-3E78-E789-A980-BE51FF71429D}.Debug|Any CPU.ActiveCfg = Debug|Any CPU
		{918D89A0-3E78-E789-A980-BE51FF71429D}.Debug|Any CPU.Build.0 = Debug|Any CPU
		{918D89A0-3E78-E789-A980-BE51FF71429D}.Release|Any CPU.ActiveCfg = Release|Any CPU
		{918D89A0-3E78-E789-A980-BE51FF71429D}.Release|Any CPU.Build.0 = Release|Any CPU
		{2D4D69FE-500B-FCF0-965D-D293A25A45C7}.Debug|Any CPU.ActiveCfg = Debug|Any CPU
		{2D4D69FE-500B-FCF0-965D-D293A25A45C7}.Debug|Any CPU.Build.0 = Debug|Any CPU
		{2D4D69FE-500B-FCF0-965D-D293A25A45C7}.Release|Any CPU.ActiveCfg = Release|Any CPU
		{2D4D69FE-500B-FCF0-965D-D293A25A45C7}.Release|Any CPU.Build.0 = Release|Any CPU
	EndGlobalSection
	GlobalSection(SolutionProperties) = preSolution
		HideSolutionNode = FALSE
	EndGlobalSection
	GlobalSection(MonoDevelopProperties) = preSolution
		StartupItem = Assembly-CSharp.csproj
	EndGlobalSection
EndGlobal
